// !$*UTF8*$!
{
	archiveVersion = 1;
	classes = {
	};
	objectVersion = 46;
	objects = {

/* Begin PBXBuildFile section */
		F12838B21EC2F99F00987098 /* KYSAlignmentLeftCollectionViewFlowLayout.png in Resources */ = {isa = PBXBuildFile; fileRef = F12838A81EC2F99F00987098 /* KYSAlignmentLeftCollectionViewFlowLayout.png */; };
		F12838B31EC2F99F00987098 /* KYSCarouselAutoCollectionViewLayout.png in Resources */ = {isa = PBXBuildFile; fileRef = F12838A91EC2F99F00987098 /* KYSCarouselAutoCollectionViewLayout.png */; };
		F12838B41EC2F99F00987098 /* KYSCarouselCollectionViewLayout.png in Resources */ = {isa = PBXBuildFile; fileRef = F12838AA1EC2F99F00987098 /* KYSCarouselCollectionViewLayout.png */; };
		F12838B51EC2F99F00987098 /* KYSCircleCollectionViewLayout.png in Resources */ = {isa = PBXBuildFile; fileRef = F12838AB1EC2F99F00987098 /* KYSCircleCollectionViewLayout.png */; };
		F12838B61EC2F99F00987098 /* KYSCoverFlowCollectionViewLayout.png in Resources */ = {isa = PBXBuildFile; fileRef = F12838AC1EC2F99F00987098 /* KYSCoverFlowCollectionViewLayout.png */; };
		F12838B71EC2F99F00987098 /* KYSLineCollectionViewFlowLayout.png in Resources */ = {isa = PBXBuildFile; fileRef = F12838AD1EC2F99F00987098 /* KYSLineCollectionViewFlowLayout.png */; };
		F12838B81EC2F99F00987098 /* KYSLineCollectionViewLayout.png in Resources */ = {isa = PBXBuildFile; fileRef = F12838AE1EC2F99F00987098 /* KYSLineCollectionViewLayout.png */; };
		F12838B91EC2F99F00987098 /* KYSRotaryCollectionViewLayout.png in Resources */ = {isa = PBXBuildFile; fileRef = F12838AF1EC2F99F00987098 /* KYSRotaryCollectionViewLayout.png */; };
		F12838BA1EC2F99F00987098 /* KYSStackCollectionViewLayout.png in Resources */ = {isa = PBXBuildFile; fileRef = F12838B01EC2F99F00987098 /* KYSStackCollectionViewLayout.png */; };
		F12838BB1EC2F99F00987098 /* KYSWaterFallCollectionViewLayout.png in Resources */ = {isa = PBXBuildFile; fileRef = F12838B11EC2F99F00987098 /* KYSWaterFallCollectionViewLayout.png */; };
		F1645E041EB79DAE001551AB /* 0.plist in Resources */ = {isa = PBXBuildFile; fileRef = F1645E001EB79DAE001551AB /* 0.plist */; };
		F1645E051EB79DAE001551AB /* 1.plist in Resources */ = {isa = PBXBuildFile; fileRef = F1645E011EB79DAE001551AB /* 1.plist */; };
		F1645E061EB79DAE001551AB /* 2.plist in Resources */ = {isa = PBXBuildFile; fileRef = F1645E021EB79DAE001551AB /* 2.plist */; };
		F1645E071EB79DAE001551AB /* 3.plist in Resources */ = {isa = PBXBuildFile; fileRef = F1645E031EB79DAE001551AB /* 3.plist */; };
		F164A5AD1EBB182700F28A13 /* KYSCircleCollectionViewLayout.m in Sources */ = {isa = PBXBuildFile; fileRef = F164A5AC1EBB182700F28A13 /* KYSCircleCollectionViewLayout.m */; };
		F164A5B01EBB2B4500F28A13 /* KYSLineCollectionViewLayout.m in Sources */ = {isa = PBXBuildFile; fileRef = F164A5AF1EBB2B4500F28A13 /* KYSLineCollectionViewLayout.m */; };
		F164A5B41EBB89D800F28A13 /* KYSRotaryCollectionViewLayout.m in Sources */ = {isa = PBXBuildFile; fileRef = F164A5B31EBB89D800F28A13 /* KYSRotaryCollectionViewLayout.m */; };
		F164A5B71EBB91C000F28A13 /* KYSCoverFlowCollectionViewLayout.m in Sources */ = {isa = PBXBuildFile; fileRef = F164A5B61EBB91C000F28A13 /* KYSCoverFlowCollectionViewLayout.m */; };
		F188317D1EB9807B00D5DFE6 /* KYSAlignmentLeftViewController.m in Sources */ = {isa = PBXBuildFile; fileRef = F188317C1EB9807B00D5DFE6 /* KYSAlignmentLeftViewController.m */; };
		F18831801EB9893200D5DFE6 /* KYSLineCollectionViewFlowLayout.m in Sources */ = {isa = PBXBuildFile; fileRef = F188317F1EB9893200D5DFE6 /* KYSLineCollectionViewFlowLayout.m */; };
		F188318A1EB9B0AA00D5DFE6 /* KYSMainViewController.m in Sources */ = {isa = PBXBuildFile; fileRef = F18831891EB9B0AA00D5DFE6 /* KYSMainViewController.m */; };
		F188318D1EB9B52A00D5DFE6 /* KYSBaseCollectionViewFlowLayout.m in Sources */ = {isa = PBXBuildFile; fileRef = F188318C1EB9B52A00D5DFE6 /* KYSBaseCollectionViewFlowLayout.m */; };
		F18831901EB9BB0500D5DFE6 /* KYSBaseCollectionViewLayout.m in Sources */ = {isa = PBXBuildFile; fileRef = F188318F1EB9BB0500D5DFE6 /* KYSBaseCollectionViewLayout.m */; };
		F18831961EB9C01500D5DFE6 /* KYSStackCollectionViewLayout.m in Sources */ = {isa = PBXBuildFile; fileRef = F18831951EB9C01500D5DFE6 /* KYSStackCollectionViewLayout.m */; };
		F1B525E41EC04678000DEBC4 /* KYSCarouselCollectionViewLayout.m in Sources */ = {isa = PBXBuildFile; fileRef = F1B525E31EC04678000DEBC4 /* KYSCarouselCollectionViewLayout.m */; };
		F1B525E71EC0563C000DEBC4 /* KYSCarouselAutoCollectionViewLayout.m in Sources */ = {isa = PBXBuildFile; fileRef = F1B525E61EC0563C000DEBC4 /* KYSCarouselAutoCollectionViewLayout.m */; };
		F1BAFB1C1EC2B22700F3F9C3 /* KYSWaterFallCollectionViewLayout.m in Sources */ = {isa = PBXBuildFile; fileRef = F1BAFB1B1EC2B22700F3F9C3 /* KYSWaterFallCollectionViewLayout.m */; };
		F1E387A91EB8787300DF1505 /* KYSExampleViewController.m in Sources */ = {isa = PBXBuildFile; fileRef = F1E387A81EB8787300DF1505 /* KYSExampleViewController.m */; };
		F1E387AC1EB87A2100DF1505 /* KYSImageCollectionViewCell.m in Sources */ = {isa = PBXBuildFile; fileRef = F1E387AB1EB87A2100DF1505 /* KYSImageCollectionViewCell.m */; };
		F1ECB9351EB7151100E471F0 /* main.m in Sources */ = {isa = PBXBuildFile; fileRef = F1ECB9341EB7151100E471F0 /* main.m */; };
		F1ECB9381EB7151100E471F0 /* AppDelegate.m in Sources */ = {isa = PBXBuildFile; fileRef = F1ECB9371EB7151100E471F0 /* AppDelegate.m */; };
		F1ECB93E1EB7151100E471F0 /* Main.storyboard in Resources */ = {isa = PBXBuildFile; fileRef = F1ECB93C1EB7151100E471F0 /* Main.storyboard */; };
		F1ECB9401EB7151100E471F0 /* Assets.xcassets in Resources */ = {isa = PBXBuildFile; fileRef = F1ECB93F1EB7151100E471F0 /* Assets.xcassets */; };
		F1ECB9431EB7151100E471F0 /* LaunchScreen.storyboard in Resources */ = {isa = PBXBuildFile; fileRef = F1ECB9411EB7151100E471F0 /* LaunchScreen.storyboard */; };
		F1ECB94D1EB715C000E471F0 /* KYSAlignmentLeftCollectionViewFlowLayout.m in Sources */ = {isa = PBXBuildFile; fileRef = F1ECB94C1EB715C000E471F0 /* KYSAlignmentLeftCollectionViewFlowLayout.m */; };
		F1ECB9691EB719D100E471F0 /* NSString+KYSAddition.m in Sources */ = {isa = PBXBuildFile; fileRef = F1ECB9601EB719D100E471F0 /* NSString+KYSAddition.m */; };
		F1ECB96A1EB719D100E471F0 /* ABChooseSkillCollectionViewCell.m in Sources */ = {isa = PBXBuildFile; fileRef = F1ECB9631EB719D100E471F0 /* ABChooseSkillCollectionViewCell.m */; };
		F1ECB96B1EB719D100E471F0 /* ABChooseSkillsCollectionReusableView.m in Sources */ = {isa = PBXBuildFile; fileRef = F1ECB9651EB719D100E471F0 /* ABChooseSkillsCollectionReusableView.m */; };
		F1F262171EBA380A00487283 /* KYSDecorationTestView.m in Sources */ = {isa = PBXBuildFile; fileRef = F1F262161EBA380A00487283 /* KYSDecorationTestView.m */; };
/* End PBXBuildFile section */

/* Begin PBXFileReference section */
		F12838A81EC2F99F00987098 /* KYSAlignmentLeftCollectionViewFlowLayout.png */ = {isa = PBXFileReference; lastKnownFileType = image.png; path = KYSAlignmentLeftCollectionViewFlowLayout.png; sourceTree = "<group>"; };
		F12838A91EC2F99F00987098 /* KYSCarouselAutoCollectionViewLayout.png */ = {isa = PBXFileReference; lastKnownFileType = image.png; path = KYSCarouselAutoCollectionViewLayout.png; sourceTree = "<group>"; };
		F12838AA1EC2F99F00987098 /* KYSCarouselCollectionViewLayout.png */ = {isa = PBXFileReference; lastKnownFileType = image.png; path = KYSCarouselCollectionViewLayout.png; sourceTree = "<group>"; };
		F12838AB1EC2F99F00987098 /* KYSCircleCollectionViewLayout.png */ = {isa = PBXFileReference; lastKnownFileType = image.png; path = KYSCircleCollectionViewLayout.png; sourceTree = "<group>"; };
		F12838AC1EC2F99F00987098 /* KYSCoverFlowCollectionViewLayout.png */ = {isa = PBXFileReference; lastKnownFileType = image.png; path = KYSCoverFlowCollectionViewLayout.png; sourceTree = "<group>"; };
		F12838AD1EC2F99F00987098 /* KYSLineCollectionViewFlowLayout.png */ = {isa = PBXFileReference; lastKnownFileType = image.png; path = KYSLineCollectionViewFlowLayout.png; sourceTree = "<group>"; };
		F12838AE1EC2F99F00987098 /* KYSLineCollectionViewLayout.png */ = {isa = PBXFileReference; lastKnownFileType = image.png; path = KYSLineCollectionViewLayout.png; sourceTree = "<group>"; };
		F12838AF1EC2F99F00987098 /* KYSRotaryCollectionViewLayout.png */ = {isa = PBXFileReference; lastKnownFileType = image.png; path = KYSRotaryCollectionViewLayout.png; sourceTree = "<group>"; };
		F12838B01EC2F99F00987098 /* KYSStackCollectionViewLayout.png */ = {isa = PBXFileReference; lastKnownFileType = image.png; path = KYSStackCollectionViewLayout.png; sourceTree = "<group>"; };
		F12838B11EC2F99F00987098 /* KYSWaterFallCollectionViewLayout.png */ = {isa = PBXFileReference; lastKnownFileType = image.png; path = KYSWaterFallCollectionViewLayout.png; sourceTree = "<group>"; };
		F1645E001EB79DAE001551AB /* 0.plist */ = {isa = PBXFileReference; fileEncoding = 4; lastKnownFileType = text.plist.xml; path = 0.plist; sourceTree = "<group>"; };
		F1645E011EB79DAE001551AB /* 1.plist */ = {isa = PBXFileReference; fileEncoding = 4; lastKnownFileType = text.plist.xml; path = 1.plist; sourceTree = "<group>"; };
		F1645E021EB79DAE001551AB /* 2.plist */ = {isa = PBXFileReference; fileEncoding = 4; lastKnownFileType = text.plist.xml; path = 2.plist; sourceTree = "<group>"; };
		F1645E031EB79DAE001551AB /* 3.plist */ = {isa = PBXFileReference; fileEncoding = 4; lastKnownFileType = text.plist.xml; path = 3.plist; sourceTree = "<group>"; };
		F164A5AB1EBB182700F28A13 /* KYSCircleCollectionViewLayout.h */ = {isa = PBXFileReference; fileEncoding = 4; lastKnownFileType = sourcecode.c.h; path = KYSCircleCollectionViewLayout.h; sourceTree = "<group>"; };
		F164A5AC1EBB182700F28A13 /* KYSCircleCollectionViewLayout.m */ = {isa = PBXFileReference; fileEncoding = 4; lastKnownFileType = sourcecode.c.objc; path = KYSCircleCollectionViewLayout.m; sourceTree = "<group>"; };
		F164A5AE1EBB2B4500F28A13 /* KYSLineCollectionViewLayout.h */ = {isa = PBXFileReference; fileEncoding = 4; lastKnownFileType = sourcecode.c.h; path = KYSLineCollectionViewLayout.h; sourceTree = "<group>"; };
		F164A5AF1EBB2B4500F28A13 /* KYSLineCollectionViewLayout.m */ = {isa = PBXFileReference; fileEncoding = 4; lastKnownFileType = sourcecode.c.objc; path = KYSLineCollectionViewLayout.m; sourceTree = "<group>"; };
		F164A5B21EBB89D800F28A13 /* KYSRotaryCollectionViewLayout.h */ = {isa = PBXFileReference; fileEncoding = 4; lastKnownFileType = sourcecode.c.h; path = KYSRotaryCollectionViewLayout.h; sourceTree = "<group>"; };
		F164A5B31EBB89D800F28A13 /* KYSRotaryCollectionViewLayout.m */ = {isa = PBXFileReference; fileEncoding = 4; lastKnownFileType = sourcecode.c.objc; path = KYSRotaryCollectionViewLayout.m; sourceTree = "<group>"; };
		F164A5B51EBB91C000F28A13 /* KYSCoverFlowCollectionViewLayout.h */ = {isa = PBXFileReference; fileEncoding = 4; lastKnownFileType = sourcecode.c.h; path = KYSCoverFlowCollectionViewLayout.h; sourceTree = "<group>"; };
		F164A5B61EBB91C000F28A13 /* KYSCoverFlowCollectionViewLayout.m */ = {isa = PBXFileReference; fileEncoding = 4; lastKnownFileType = sourcecode.c.objc; path = KYSCoverFlowCollectionViewLayout.m; sourceTree = "<group>"; };
		F188317B1EB9807B00D5DFE6 /* KYSAlignmentLeftViewController.h */ = {isa = PBXFileReference; fileEncoding = 4; lastKnownFileType = sourcecode.c.h; path = KYSAlignmentLeftViewController.h; sourceTree = "<group>"; };
		F188317C1EB9807B00D5DFE6 /* KYSAlignmentLeftViewController.m */ = {isa = PBXFileReference; fileEncoding = 4; lastKnownFileType = sourcecode.c.objc; path = KYSAlignmentLeftViewController.m; sourceTree = "<group>"; };
		F188317E1EB9893200D5DFE6 /* KYSLineCollectionViewFlowLayout.h */ = {isa = PBXFileReference; fileEncoding = 4; lastKnownFileType = sourcecode.c.h; path = KYSLineCollectionViewFlowLayout.h; sourceTree = "<group>"; };
		F188317F1EB9893200D5DFE6 /* KYSLineCollectionViewFlowLayout.m */ = {isa = PBXFileReference; fileEncoding = 4; lastKnownFileType = sourcecode.c.objc; path = KYSLineCollectionViewFlowLayout.m; sourceTree = "<group>"; };
		F18831881EB9B0AA00D5DFE6 /* KYSMainViewController.h */ = {isa = PBXFileReference; fileEncoding = 4; lastKnownFileType = sourcecode.c.h; path = KYSMainViewController.h; sourceTree = "<group>"; };
		F18831891EB9B0AA00D5DFE6 /* KYSMainViewController.m */ = {isa = PBXFileReference; fileEncoding = 4; lastKnownFileType = sourcecode.c.objc; path = KYSMainViewController.m; sourceTree = "<group>"; };
		F188318B1EB9B52A00D5DFE6 /* KYSBaseCollectionViewFlowLayout.h */ = {isa = PBXFileReference; fileEncoding = 4; lastKnownFileType = sourcecode.c.h; path = KYSBaseCollectionViewFlowLayout.h; sourceTree = "<group>"; };
		F188318C1EB9B52A00D5DFE6 /* KYSBaseCollectionViewFlowLayout.m */ = {isa = PBXFileReference; fileEncoding = 4; lastKnownFileType = sourcecode.c.objc; path = KYSBaseCollectionViewFlowLayout.m; sourceTree = "<group>"; };
		F188318E1EB9BB0500D5DFE6 /* KYSBaseCollectionViewLayout.h */ = {isa = PBXFileReference; fileEncoding = 4; lastKnownFileType = sourcecode.c.h; path = KYSBaseCollectionViewLayout.h; sourceTree = "<group>"; };
		F188318F1EB9BB0500D5DFE6 /* KYSBaseCollectionViewLayout.m */ = {isa = PBXFileReference; fileEncoding = 4; lastKnownFileType = sourcecode.c.objc; path = KYSBaseCollectionViewLayout.m; sourceTree = "<group>"; };
		F18831941EB9C01500D5DFE6 /* KYSStackCollectionViewLayout.h */ = {isa = PBXFileReference; fileEncoding = 4; lastKnownFileType = sourcecode.c.h; path = KYSStackCollectionViewLayout.h; sourceTree = "<group>"; };
		F18831951EB9C01500D5DFE6 /* KYSStackCollectionViewLayout.m */ = {isa = PBXFileReference; fileEncoding = 4; lastKnownFileType = sourcecode.c.objc; path = KYSStackCollectionViewLayout.m; sourceTree = "<group>"; };
		F1B525E21EC04678000DEBC4 /* KYSCarouselCollectionViewLayout.h */ = {isa = PBXFileReference; fileEncoding = 4; lastKnownFileType = sourcecode.c.h; path = KYSCarouselCollectionViewLayout.h; sourceTree = "<group>"; };
		F1B525E31EC04678000DEBC4 /* KYSCarouselCollectionViewLayout.m */ = {isa = PBXFileReference; fileEncoding = 4; lastKnownFileType = sourcecode.c.objc; path = KYSCarouselCollectionViewLayout.m; sourceTree = "<group>"; };
		F1B525E51EC0563C000DEBC4 /* KYSCarouselAutoCollectionViewLayout.h */ = {isa = PBXFileReference; fileEncoding = 4; lastKnownFileType = sourcecode.c.h; path = KYSCarouselAutoCollectionViewLayout.h; sourceTree = "<group>"; };
		F1B525E61EC0563C000DEBC4 /* KYSCarouselAutoCollectionViewLayout.m */ = {isa = PBXFileReference; fileEncoding = 4; lastKnownFileType = sourcecode.c.objc; path = KYSCarouselAutoCollectionViewLayout.m; sourceTree = "<group>"; };
		F1BAFB1A1EC2B22700F3F9C3 /* KYSWaterFallCollectionViewLayout.h */ = {isa = PBXFileReference; fileEncoding = 4; lastKnownFileType = sourcecode.c.h; path = KYSWaterFallCollectionViewLayout.h; sourceTree = "<group>"; };
		F1BAFB1B1EC2B22700F3F9C3 /* KYSWaterFallCollectionViewLayout.m */ = {isa = PBXFileReference; fileEncoding = 4; lastKnownFileType = sourcecode.c.objc; path = KYSWaterFallCollectionViewLayout.m; sourceTree = "<group>"; };
		F1E387A71EB8787300DF1505 /* KYSExampleViewController.h */ = {isa = PBXFileReference; fileEncoding = 4; lastKnownFileType = sourcecode.c.h; path = KYSExampleViewController.h; sourceTree = "<group>"; };
		F1E387A81EB8787300DF1505 /* KYSExampleViewController.m */ = {isa = PBXFileReference; fileEncoding = 4; lastKnownFileType = sourcecode.c.objc; path = KYSExampleViewController.m; sourceTree = "<group>"; };
		F1E387AA1EB87A2100DF1505 /* KYSImageCollectionViewCell.h */ = {isa = PBXFileReference; fileEncoding = 4; lastKnownFileType = sourcecode.c.h; path = KYSImageCollectionViewCell.h; sourceTree = "<group>"; };
		F1E387AB1EB87A2100DF1505 /* KYSImageCollectionViewCell.m */ = {isa = PBXFileReference; fileEncoding = 4; lastKnownFileType = sourcecode.c.objc; path = KYSImageCollectionViewCell.m; sourceTree = "<group>"; };
		F1ECB9301EB7151100E471F0 /* KYSCollectionViewLayoutDemo.app */ = {isa = PBXFileReference; explicitFileType = wrapper.application; includeInIndex = 0; path = KYSCollectionViewLayoutDemo.app; sourceTree = BUILT_PRODUCTS_DIR; };
		F1ECB9341EB7151100E471F0 /* main.m */ = {isa = PBXFileReference; lastKnownFileType = sourcecode.c.objc; path = main.m; sourceTree = "<group>"; };
		F1ECB9361EB7151100E471F0 /* AppDelegate.h */ = {isa = PBXFileReference; lastKnownFileType = sourcecode.c.h; path = AppDelegate.h; sourceTree = "<group>"; };
		F1ECB9371EB7151100E471F0 /* AppDelegate.m */ = {isa = PBXFileReference; lastKnownFileType = sourcecode.c.objc; path = AppDelegate.m; sourceTree = "<group>"; };
		F1ECB93D1EB7151100E471F0 /* Base */ = {isa = PBXFileReference; lastKnownFileType = file.storyboard; name = Base; path = Base.lproj/Main.storyboard; sourceTree = "<group>"; };
		F1ECB93F1EB7151100E471F0 /* Assets.xcassets */ = {isa = PBXFileReference; lastKnownFileType = folder.assetcatalog; path = Assets.xcassets; sourceTree = "<group>"; };
		F1ECB9421EB7151100E471F0 /* Base */ = {isa = PBXFileReference; lastKnownFileType = file.storyboard; name = Base; path = Base.lproj/LaunchScreen.storyboard; sourceTree = "<group>"; };
		F1ECB9441EB7151100E471F0 /* Info.plist */ = {isa = PBXFileReference; lastKnownFileType = text.plist.xml; path = Info.plist; sourceTree = "<group>"; };
		F1ECB94B1EB715C000E471F0 /* KYSAlignmentLeftCollectionViewFlowLayout.h */ = {isa = PBXFileReference; fileEncoding = 4; lastKnownFileType = sourcecode.c.h; path = KYSAlignmentLeftCollectionViewFlowLayout.h; sourceTree = "<group>"; };
		F1ECB94C1EB715C000E471F0 /* KYSAlignmentLeftCollectionViewFlowLayout.m */ = {isa = PBXFileReference; fileEncoding = 4; lastKnownFileType = sourcecode.c.objc; path = KYSAlignmentLeftCollectionViewFlowLayout.m; sourceTree = "<group>"; };
		F1ECB95F1EB719D100E471F0 /* NSString+KYSAddition.h */ = {isa = PBXFileReference; fileEncoding = 4; lastKnownFileType = sourcecode.c.h; path = "NSString+KYSAddition.h"; sourceTree = "<group>"; };
		F1ECB9601EB719D100E471F0 /* NSString+KYSAddition.m */ = {isa = PBXFileReference; fileEncoding = 4; lastKnownFileType = sourcecode.c.objc; path = "NSString+KYSAddition.m"; sourceTree = "<group>"; };
		F1ECB9621EB719D100E471F0 /* ABChooseSkillCollectionViewCell.h */ = {isa = PBXFileReference; fileEncoding = 4; lastKnownFileType = sourcecode.c.h; path = ABChooseSkillCollectionViewCell.h; sourceTree = "<group>"; };
		F1ECB9631EB719D100E471F0 /* ABChooseSkillCollectionViewCell.m */ = {isa = PBXFileReference; fileEncoding = 4; lastKnownFileType = sourcecode.c.objc; path = ABChooseSkillCollectionViewCell.m; sourceTree = "<group>"; };
		F1ECB9641EB719D100E471F0 /* ABChooseSkillsCollectionReusableView.h */ = {isa = PBXFileReference; fileEncoding = 4; lastKnownFileType = sourcecode.c.h; path = ABChooseSkillsCollectionReusableView.h; sourceTree = "<group>"; };
		F1ECB9651EB719D100E471F0 /* ABChooseSkillsCollectionReusableView.m */ = {isa = PBXFileReference; fileEncoding = 4; lastKnownFileType = sourcecode.c.objc; path = ABChooseSkillsCollectionReusableView.m; sourceTree = "<group>"; };
		F1F262151EBA380A00487283 /* KYSDecorationTestView.h */ = {isa = PBXFileReference; fileEncoding = 4; lastKnownFileType = sourcecode.c.h; path = KYSDecorationTestView.h; sourceTree = "<group>"; };
		F1F262161EBA380A00487283 /* KYSDecorationTestView.m */ = {isa = PBXFileReference; fileEncoding = 4; lastKnownFileType = sourcecode.c.objc; path = KYSDecorationTestView.m; sourceTree = "<group>"; };
/* End PBXFileReference section */

/* Begin PBXFrameworksBuildPhase section */
		F1ECB92D1EB7151100E471F0 /* Frameworks */ = {
			isa = PBXFrameworksBuildPhase;
			buildActionMask = 2147483647;
			files = (
			);
			runOnlyForDeploymentPostprocessing = 0;
		};
/* End PBXFrameworksBuildPhase section */

/* Begin PBXGroup section */
		F12838A71EC2F99F00987098 /* 效果图 */ = {
			isa = PBXGroup;
			children = (
				F12838A81EC2F99F00987098 /* KYSAlignmentLeftCollectionViewFlowLayout.png */,
				F12838A91EC2F99F00987098 /* KYSCarouselAutoCollectionViewLayout.png */,
				F12838AA1EC2F99F00987098 /* KYSCarouselCollectionViewLayout.png */,
				F12838AB1EC2F99F00987098 /* KYSCircleCollectionViewLayout.png */,
				F12838AC1EC2F99F00987098 /* KYSCoverFlowCollectionViewLayout.png */,
				F12838AD1EC2F99F00987098 /* KYSLineCollectionViewFlowLayout.png */,
				F12838AE1EC2F99F00987098 /* KYSLineCollectionViewLayout.png */,
				F12838AF1EC2F99F00987098 /* KYSRotaryCollectionViewLayout.png */,
				F12838B01EC2F99F00987098 /* KYSStackCollectionViewLayout.png */,
				F12838B11EC2F99F00987098 /* KYSWaterFallCollectionViewLayout.png */,
			);
			path = "效果图";
			sourceTree = "<group>";
		};
		F164A5B11EBB2C4500F28A13 /* FlowLayout */ = {
			isa = PBXGroup;
			children = (
				F188318B1EB9B52A00D5DFE6 /* KYSBaseCollectionViewFlowLayout.h */,
				F188318C1EB9B52A00D5DFE6 /* KYSBaseCollectionViewFlowLayout.m */,
				F1ECB94B1EB715C000E471F0 /* KYSAlignmentLeftCollectionViewFlowLayout.h */,
				F1ECB94C1EB715C000E471F0 /* KYSAlignmentLeftCollectionViewFlowLayout.m */,
				F188317E1EB9893200D5DFE6 /* KYSLineCollectionViewFlowLayout.h */,
				F188317F1EB9893200D5DFE6 /* KYSLineCollectionViewFlowLayout.m */,
			);
			name = FlowLayout;
			sourceTree = "<group>";
		};
		F18831841EB9ABE600D5DFE6 /* Layout */ = {
			isa = PBXGroup;
			children = (
				F188318E1EB9BB0500D5DFE6 /* KYSBaseCollectionViewLayout.h */,
				F188318F1EB9BB0500D5DFE6 /* KYSBaseCollectionViewLayout.m */,
				F18831941EB9C01500D5DFE6 /* KYSStackCollectionViewLayout.h */,
				F18831951EB9C01500D5DFE6 /* KYSStackCollectionViewLayout.m */,
				F164A5AB1EBB182700F28A13 /* KYSCircleCollectionViewLayout.h */,
				F164A5AC1EBB182700F28A13 /* KYSCircleCollectionViewLayout.m */,
				F164A5AE1EBB2B4500F28A13 /* KYSLineCollectionViewLayout.h */,
				F164A5AF1EBB2B4500F28A13 /* KYSLineCollectionViewLayout.m */,
				F164A5B21EBB89D800F28A13 /* KYSRotaryCollectionViewLayout.h */,
				F164A5B31EBB89D800F28A13 /* KYSRotaryCollectionViewLayout.m */,
				F164A5B51EBB91C000F28A13 /* KYSCoverFlowCollectionViewLayout.h */,
				F164A5B61EBB91C000F28A13 /* KYSCoverFlowCollectionViewLayout.m */,
				F1B525E21EC04678000DEBC4 /* KYSCarouselCollectionViewLayout.h */,
				F1B525E31EC04678000DEBC4 /* KYSCarouselCollectionViewLayout.m */,
				F1B525E51EC0563C000DEBC4 /* KYSCarouselAutoCollectionViewLayout.h */,
				F1B525E61EC0563C000DEBC4 /* KYSCarouselAutoCollectionViewLayout.m */,
				F1BAFB1A1EC2B22700F3F9C3 /* KYSWaterFallCollectionViewLayout.h */,
				F1BAFB1B1EC2B22700F3F9C3 /* KYSWaterFallCollectionViewLayout.m */,
			);
			name = Layout;
			sourceTree = "<group>";
		};
		F1ECB9271EB7151100E471F0 = {
			isa = PBXGroup;
			children = (
				F1ECB9321EB7151100E471F0 /* KYSCollectionViewLayoutDemo */,
				F1ECB9311EB7151100E471F0 /* Products */,
			);
			sourceTree = "<group>";
		};
		F1ECB9311EB7151100E471F0 /* Products */ = {
			isa = PBXGroup;
			children = (
				F1ECB9301EB7151100E471F0 /* KYSCollectionViewLayoutDemo.app */,
			);
			name = Products;
			sourceTree = "<group>";
		};
		F1ECB9321EB7151100E471F0 /* KYSCollectionViewLayoutDemo */ = {
			isa = PBXGroup;
			children = (
				F12838A71EC2F99F00987098 /* 效果图 */,
				F1ECB94A1EB715B100E471F0 /* CollectionViewLayout */,
				F1ECB95D1EB719D100E471F0 /* example */,
				F1ECB9361EB7151100E471F0 /* AppDelegate.h */,
				F1ECB9371EB7151100E471F0 /* AppDelegate.m */,
				F1ECB93F1EB7151100E471F0 /* Assets.xcassets */,
				F1ECB9411EB7151100E471F0 /* LaunchScreen.storyboard */,
				F1ECB9441EB7151100E471F0 /* Info.plist */,
				F1ECB9331EB7151100E471F0 /* Supporting Files */,
			);
			path = KYSCollectionViewLayoutDemo;
			sourceTree = "<group>";
		};
		F1ECB9331EB7151100E471F0 /* Supporting Files */ = {
			isa = PBXGroup;
			children = (
				F1645E001EB79DAE001551AB /* 0.plist */,
				F1645E011EB79DAE001551AB /* 1.plist */,
				F1645E021EB79DAE001551AB /* 2.plist */,
				F1645E031EB79DAE001551AB /* 3.plist */,
				F1ECB9341EB7151100E471F0 /* main.m */,
			);
			name = "Supporting Files";
			sourceTree = "<group>";
		};
		F1ECB94A1EB715B100E471F0 /* CollectionViewLayout */ = {
			isa = PBXGroup;
			children = (
				F164A5B11EBB2C4500F28A13 /* FlowLayout */,
				F18831841EB9ABE600D5DFE6 /* Layout */,
			);
			path = CollectionViewLayout;
			sourceTree = "<group>";
		};
		F1ECB95D1EB719D100E471F0 /* example */ = {
			isa = PBXGroup;
			children = (
				F1ECB93C1EB7151100E471F0 /* Main.storyboard */,
				F1ECB9661EB719D100E471F0 /* ViewController */,
				F1ECB9611EB719D100E471F0 /* View */,
				F1ECB95E1EB719D100E471F0 /* Util */,
			);
			path = example;
			sourceTree = "<group>";
		};
		F1ECB95E1EB719D100E471F0 /* Util */ = {
			isa = PBXGroup;
			children = (
				F1ECB95F1EB719D100E471F0 /* NSString+KYSAddition.h */,
				F1ECB9601EB719D100E471F0 /* NSString+KYSAddition.m */,
			);
			path = Util;
			sourceTree = "<group>";
		};
		F1ECB9611EB719D100E471F0 /* View */ = {
			isa = PBXGroup;
			children = (
				F1ECB9621EB719D100E471F0 /* ABChooseSkillCollectionViewCell.h */,
				F1ECB9631EB719D100E471F0 /* ABChooseSkillCollectionViewCell.m */,
				F1ECB9641EB719D100E471F0 /* ABChooseSkillsCollectionReusableView.h */,
				F1ECB9651EB719D100E471F0 /* ABChooseSkillsCollectionReusableView.m */,
				F1E387AA1EB87A2100DF1505 /* KYSImageCollectionViewCell.h */,
				F1E387AB1EB87A2100DF1505 /* KYSImageCollectionViewCell.m */,
				F1F262151EBA380A00487283 /* KYSDecorationTestView.h */,
				F1F262161EBA380A00487283 /* KYSDecorationTestView.m */,
			);
			path = View;
			sourceTree = "<group>";
		};
		F1ECB9661EB719D100E471F0 /* ViewController */ = {
			isa = PBXGroup;
			children = (
				F18831881EB9B0AA00D5DFE6 /* KYSMainViewController.h */,
				F18831891EB9B0AA00D5DFE6 /* KYSMainViewController.m */,
				F188317B1EB9807B00D5DFE6 /* KYSAlignmentLeftViewController.h */,
				F188317C1EB9807B00D5DFE6 /* KYSAlignmentLeftViewController.m */,
				F1E387A71EB8787300DF1505 /* KYSExampleViewController.h */,
				F1E387A81EB8787300DF1505 /* KYSExampleViewController.m */,
			);
			path = ViewController;
			sourceTree = "<group>";
		};
/* End PBXGroup section */

/* Begin PBXNativeTarget section */
		F1ECB92F1EB7151100E471F0 /* KYSCollectionViewLayoutDemo */ = {
			isa = PBXNativeTarget;
			buildConfigurationList = F1ECB9471EB7151100E471F0 /* Build configuration list for PBXNativeTarget "KYSCollectionViewLayoutDemo" */;
			buildPhases = (
				F1ECB92C1EB7151100E471F0 /* Sources */,
				F1ECB92D1EB7151100E471F0 /* Frameworks */,
				F1ECB92E1EB7151100E471F0 /* Resources */,
			);
			buildRules = (
			);
			dependencies = (
			);
			name = KYSCollectionViewLayoutDemo;
			productName = KYSCollectionViewLayoutDemo;
			productReference = F1ECB9301EB7151100E471F0 /* KYSCollectionViewLayoutDemo.app */;
			productType = "com.apple.product-type.application";
		};
/* End PBXNativeTarget section */

/* Begin PBXProject section */
		F1ECB9281EB7151100E471F0 /* Project object */ = {
			isa = PBXProject;
			attributes = {
				LastUpgradeCheck = 0830;
				ORGANIZATIONNAME = "康永帅";
				TargetAttributes = {
					F1ECB92F1EB7151100E471F0 = {
						CreatedOnToolsVersion = 8.3.2;
						DevelopmentTeam = N9G6ZMQ6JR;
						ProvisioningStyle = Automatic;
					};
				};
			};
			buildConfigurationList = F1ECB92B1EB7151100E471F0 /* Build configuration list for PBXProject "KYSCollectionViewLayoutDemo" */;
			compatibilityVersion = "Xcode 3.2";
			developmentRegion = English;
			hasScannedForEncodings = 0;
			knownRegions = (
				en,
				Base,
			);
			mainGroup = F1ECB9271EB7151100E471F0;
			productRefGroup = F1ECB9311EB7151100E471F0 /* Products */;
			projectDirPath = "";
			projectRoot = "";
			targets = (
				F1ECB92F1EB7151100E471F0 /* KYSCollectionViewLayoutDemo */,
			);
		};
/* End PBXProject section */

/* Begin PBXResourcesBuildPhase section */
		F1ECB92E1EB7151100E471F0 /* Resources */ = {
			isa = PBXResourcesBuildPhase;
			buildActionMask = 2147483647;
			files = (
				F12838B51EC2F99F00987098 /* KYSCircleCollectionViewLayout.png in Resources */,
				F12838B91EC2F99F00987098 /* KYSRotaryCollectionViewLayout.png in Resources */,
				F1ECB9431EB7151100E471F0 /* LaunchScreen.storyboard in Resources */,
				F12838B71EC2F99F00987098 /* KYSLineCollectionViewFlowLayout.png in Resources */,
				F12838B61EC2F99F00987098 /* KYSCoverFlowCollectionViewLayout.png in Resources */,
				F1645E061EB79DAE001551AB /* 2.plist in Resources */,
				F12838B41EC2F99F00987098 /* KYSCarouselCollectionViewLayout.png in Resources */,
				F12838B81EC2F99F00987098 /* KYSLineCollectionViewLayout.png in Resources */,
				F1645E041EB79DAE001551AB /* 0.plist in Resources */,
				F1645E071EB79DAE001551AB /* 3.plist in Resources */,
				F12838BA1EC2F99F00987098 /* KYSStackCollectionViewLayout.png in Resources */,
				F1645E051EB79DAE001551AB /* 1.plist in Resources */,
				F12838B21EC2F99F00987098 /* KYSAlignmentLeftCollectionViewFlowLayout.png in Resources */,
				F1ECB9401EB7151100E471F0 /* Assets.xcassets in Resources */,
				F12838BB1EC2F99F00987098 /* KYSWaterFallCollectionViewLayout.png in Resources */,
				F12838B31EC2F99F00987098 /* KYSCarouselAutoCollectionViewLayout.png in Resources */,
				F1ECB93E1EB7151100E471F0 /* Main.storyboard in Resources */,
			);
			runOnlyForDeploymentPostprocessing = 0;
		};
/* End PBXResourcesBuildPhase section */

/* Begin PBXSourcesBuildPhase section */
		F1ECB92C1EB7151100E471F0 /* Sources */ = {
			isa = PBXSourcesBuildPhase;
			buildActionMask = 2147483647;
			files = (
				F1B525E41EC04678000DEBC4 /* KYSCarouselCollectionViewLayout.m in Sources */,
				F164A5B41EBB89D800F28A13 /* KYSRotaryCollectionViewLayout.m in Sources */,
				F188318D1EB9B52A00D5DFE6 /* KYSBaseCollectionViewFlowLayout.m in Sources */,
				F1ECB96A1EB719D100E471F0 /* ABChooseSkillCollectionViewCell.m in Sources */,
				F188317D1EB9807B00D5DFE6 /* KYSAlignmentLeftViewController.m in Sources */,
				F188318A1EB9B0AA00D5DFE6 /* KYSMainViewController.m in Sources */,
				F18831901EB9BB0500D5DFE6 /* KYSBaseCollectionViewLayout.m in Sources */,
				F1BAFB1C1EC2B22700F3F9C3 /* KYSWaterFallCollectionViewLayout.m in Sources */,
				F1B525E71EC0563C000DEBC4 /* KYSCarouselAutoCollectionViewLayout.m in Sources */,
				F1F262171EBA380A00487283 /* KYSDecorationTestView.m in Sources */,
				F1ECB9381EB7151100E471F0 /* AppDelegate.m in Sources */,
				F1ECB9351EB7151100E471F0 /* main.m in Sources */,
				F1ECB96B1EB719D100E471F0 /* ABChooseSkillsCollectionReusableView.m in Sources */,
				F164A5AD1EBB182700F28A13 /* KYSCircleCollectionViewLayout.m in Sources */,
				F18831961EB9C01500D5DFE6 /* KYSStackCollectionViewLayout.m in Sources */,
				F18831801EB9893200D5DFE6 /* KYSLineCollectionViewFlowLayout.m in Sources */,
				F1E387AC1EB87A2100DF1505 /* KYSImageCollectionViewCell.m in Sources */,
				F164A5B71EBB91C000F28A13 /* KYSCoverFlowCollectionViewLayout.m in Sources */,
				F1ECB94D1EB715C000E471F0 /* KYSAlignmentLeftCollectionViewFlowLayout.m in Sources */,
				F164A5B01EBB2B4500F28A13 /* KYSLineCollectionViewLayout.m in Sources */,
				F1ECB9691EB719D100E471F0 /* NSString+KYSAddition.m in Sources */,
				F1E387A91EB8787300DF1505 /* KYSExampleViewController.m in Sources */,
			);
			runOnlyForDeploymentPostprocessing = 0;
		};
/* End PBXSourcesBuildPhase section */

/* Begin PBXVariantGroup section */
		F1ECB93C1EB7151100E471F0 /* Main.storyboard */ = {
			isa = PBXVariantGroup;
			children = (
				F1ECB93D1EB7151100E471F0 /* Base */,
			);
			name = Main.storyboard;
			path = ..;
			sourceTree = "<group>";
		};
		F1ECB9411EB7151100E471F0 /* LaunchScreen.storyboard */ = {
			isa = PBXVariantGroup;
			children = (
				F1ECB9421EB7151100E471F0 /* Base */,
			);
			name = LaunchScreen.storyboard;
			sourceTree = "<group>";
		};
/* End PBXVariantGroup section */

/* Begin XCBuildConfiguration section */
		F1ECB9451EB7151100E471F0 /* Debug */ = {
			isa = XCBuildConfiguration;
			buildSettings = {
				ALWAYS_SEARCH_USER_PATHS = NO;
				CLANG_ANALYZER_NONNULL = YES;
				CLANG_ANALYZER_NUMBER_OBJECT_CONVERSION = YES_AGGRESSIVE;
				CLANG_CXX_LANGUAGE_STANDARD = "gnu++0x";
				CLANG_CXX_LIBRARY = "libc++";
				CLANG_ENABLE_MODULES = YES;
				CLANG_ENABLE_OBJC_ARC = YES;
				CLANG_WARN_BOOL_CONVERSION = YES;
				CLANG_WARN_CONSTANT_CONVERSION = YES;
				CLANG_WARN_DIRECT_OBJC_ISA_USAGE = YES_ERROR;
				CLANG_WARN_DOCUMENTATION_COMMENTS = YES;
				CLANG_WARN_EMPTY_BODY = YES;
				CLANG_WARN_ENUM_CONVERSION = YES;
				CLANG_WARN_INFINITE_RECURSION = YES;
				CLANG_WARN_INT_CONVERSION = YES;
				CLANG_WARN_OBJC_ROOT_CLASS = YES_ERROR;
				CLANG_WARN_SUSPICIOUS_MOVE = YES;
				CLANG_WARN_UNREACHABLE_CODE = YES;
				CLANG_WARN__DUPLICATE_METHOD_MATCH = YES;
				"CODE_SIGN_IDENTITY[sdk=iphoneos*]" = "iPhone Developer";
				COPY_PHASE_STRIP = NO;
				DEBUG_INFORMATION_FORMAT = dwarf;
				ENABLE_STRICT_OBJC_MSGSEND = YES;
				ENABLE_TESTABILITY = YES;
				GCC_C_LANGUAGE_STANDARD = gnu99;
				GCC_DYNAMIC_NO_PIC = NO;
				GCC_NO_COMMON_BLOCKS = YES;
				GCC_OPTIMIZATION_LEVEL = 0;
				GCC_PREPROCESSOR_DEFINITIONS = (
					"DEBUG=1",
					"$(inherited)",
				);
				GCC_WARN_64_TO_32_BIT_CONVERSION = YES;
				GCC_WARN_ABOUT_RETURN_TYPE = YES_ERROR;
				GCC_WARN_UNDECLARED_SELECTOR = YES;
				GCC_WARN_UNINITIALIZED_AUTOS = YES_AGGRESSIVE;
				GCC_WARN_UNUSED_FUNCTION = YES;
				GCC_WARN_UNUSED_VARIABLE = YES;
				IPHONEOS_DEPLOYMENT_TARGET = 10.3;
				MTL_ENABLE_DEBUG_INFO = YES;
				ONLY_ACTIVE_ARCH = YES;
				SDKROOT = iphoneos;
			};
			name = Debug;
		};
		F1ECB9461EB7151100E471F0 /* Release */ = {
			isa = XCBuildConfiguration;
			buildSettings = {
				ALWAYS_SEARCH_USER_PATHS = NO;
				CLANG_ANALYZER_NONNULL = YES;
				CLANG_ANALYZER_NUMBER_OBJECT_CONVERSION = YES_AGGRESSIVE;
				CLANG_CXX_LANGUAGE_STANDARD = "gnu++0x";
				CLANG_CXX_LIBRARY = "libc++";
				CLANG_ENABLE_MODULES = YES;
				CLANG_ENABLE_OBJC_ARC = YES;
				CLANG_WARN_BOOL_CONVERSION = YES;
				CLANG_WARN_CONSTANT_CONVERSION = YES;
				CLANG_WARN_DIRECT_OBJC_ISA_USAGE = YES_ERROR;
				CLANG_WARN_DOCUMENTATION_COMMENTS = YES;
				CLANG_WARN_EMPTY_BODY = YES;
				CLANG_WARN_ENUM_CONVERSION = YES;
				CLANG_WARN_INFINITE_RECURSION = YES;
				CLANG_WARN_INT_CONVERSION = YES;
				CLANG_WARN_OBJC_ROOT_CLASS = YES_ERROR;
				CLANG_WARN_SUSPICIOUS_MOVE = YES;
				CLANG_WARN_UNREACHABLE_CODE = YES;
				CLANG_WARN__DUPLICATE_METHOD_MATCH = YES;
				"CODE_SIGN_IDENTITY[sdk=iphoneos*]" = "iPhone Developer";
				COPY_PHASE_STRIP = NO;
				DEBUG_INFORMATION_FORMAT = "dwarf-with-dsym";
				ENABLE_NS_ASSERTIONS = NO;
				ENABLE_STRICT_OBJC_MSGSEND = YES;
				GCC_C_LANGUAGE_STANDARD = gnu99;
				GCC_NO_COMMON_BLOCKS = YES;
				GCC_WARN_64_TO_32_BIT_CONVERSION = YES;
				GCC_WARN_ABOUT_RETURN_TYPE = YES_ERROR;
				GCC_WARN_UNDECLARED_SELECTOR = YES;
				GCC_WARN_UNINITIALIZED_AUTOS = YES_AGGRESSIVE;
				GCC_WARN_UNUSED_FUNCTION = YES;
				GCC_WARN_UNUSED_VARIABLE = YES;
				IPHONEOS_DEPLOYMENT_TARGET = 10.3;
				MTL_ENABLE_DEBUG_INFO = NO;
				SDKROOT = iphoneos;
				VALIDATE_PRODUCT = YES;
			};
			name = Release;
		};
		F1ECB9481EB7151100E471F0 /* Debug */ = {
			isa = XCBuildConfiguration;
			buildSettings = {
				ASSETCATALOG_COMPILER_APPICON_NAME = AppIcon;
				DEVELOPMENT_TEAM = N9G6ZMQ6JR;
				INFOPLIST_FILE = KYSCollectionViewLayoutDemo/Info.plist;
				LD_RUNPATH_SEARCH_PATHS = "$(inherited) @executable_path/Frameworks";
				PRODUCT_BUNDLE_IDENTIFIER = kys.2017.KYSCollectionViewLayoutDemo;
				PRODUCT_NAME = "$(TARGET_NAME)";
			};
			name = Debug;
		};
		F1ECB9491EB7151100E471F0 /* Release */ = {
			isa = XCBuildConfiguration;
			buildSettings = {
				ASSETCATALOG_COMPILER_APPICON_NAME = AppIcon;
				DEVELOPMENT_TEAM = N9G6ZMQ6JR;
				INFOPLIST_FILE = KYSCollectionViewLayoutDemo/Info.plist;
				LD_RUNPATH_SEARCH_PATHS = "$(inherited) @executable_path/Frameworks";
				PRODUCT_BUNDLE_IDENTIFIER = kys.2017.KYSCollectionViewLayoutDemo;
				PRODUCT_NAME = "$(TARGET_NAME)";
			};
			name = Release;
		};
/* End XCBuildConfiguration section */

/* Begin XCConfigurationList section */
		F1ECB92B1EB7151100E471F0 /* Build configuration list for PBXProject "KYSCollectionViewLayoutDemo" */ = {
			isa = XCConfigurationList;
			buildConfigurations = (
				F1ECB9451EB7151100E471F0 /* Debug */,
				F1ECB9461EB7151100E471F0 /* Release */,
			);
			defaultConfigurationIsVisible = 0;
			defaultConfigurationName = Release;
		};
		F1ECB9471EB7151100E471F0 /* Build configuration list for PBXNativeTarget "KYSCollectionViewLayoutDemo" */ = {
			isa = XCConfigurationList;
			buildConfigurations = (
				F1ECB9481EB7151100E471F0 /* Debug */,
				F1ECB9491EB7151100E471F0 /* Release */,
			);
			defaultConfigurationIsVisible = 0;
			defaultConfigurationName = Release;
		};
/* End XCConfigurationList section */
	};
	rootObject = F1ECB9281EB7151100E471F0 /* Project object */;
}
